PATH
  remote: .
  specs:
    fixme (1.0.0)

GEM
  remote: https://rubygems.org/
  specs:
    addressable (2.8.6)
      public_suffix (>= 2.0.2, < 6.0)
    ast (2.4.2)
    bigdecimal (3.1.9)
    bigdecimal (3.1.9-java)
    builder (3.2.4)
    concurrent-ruby (1.3.5)
    docile (1.4.0)
    dry-configurable (1.3.0)
      dry-core (~> 1.1)
      zeitwerk (~> 2.6)
    dry-core (1.1.0)
      concurrent-ruby (~> 1.0)
      logger
      zeitwerk (~> 2.6)
    dry-inflector (1.2.0)
    dry-initializer (3.2.0)
    dry-logic (1.6.0)
      bigdecimal
      concurrent-ruby (~> 1.0)
      dry-core (~> 1.1)
      zeitwerk (~> 2.6)
    dry-schema (1.13.4)
      concurrent-ruby (~> 1.0)
      dry-configurable (~> 1.0, >= 1.0.1)
      dry-core (~> 1.0, < 2)
      dry-initializer (~> 3.0)
      dry-logic (>= 1.4, < 2)
      dry-types (>= 1.7, < 2)
      zeitwerk (~> 2.6)
    dry-types (1.8.2)
      bigdecimal (~> 3.0)
      concurrent-ruby (~> 1.0)
      dry-core (~> 1.0)
      dry-inflector (~> 1.0)
      dry-logic (~> 1.4)
      zeitwerk (~> 2.6)
    heel (4.0.1)
      launchy (~> 2.5)
      mime-types (~> 3.4)
      puma (~> 6.0)
      rack (~> 3.0)
      rackup (~> 2.1)
      rouge (~> 4.0)
    jar-dependencies (0.4.1)
    json (2.7.2)
    json (2.7.2-java)
    language_server-protocol (3.17.0.3)
    launchy (2.5.2)
      addressable (~> 2.8)
    logger (1.6.5)
    mime-types (3.5.2)
      mime-types-data (~> 3.2015)
    mime-types-data (3.2024.0305)
    minitest (5.22.3)
    minitest-focus (1.4.0)
      minitest (>= 4, < 6)
    minitest-junit (1.1.0)
      builder (~> 3.2)
      minitest (~> 5.11)
    nio4r (2.7.1)
    nio4r (2.7.1-java)
    parallel (1.24.0)
    parser (3.3.1.0)
      ast (~> 2.4.1)
      racc
    psych (5.1.2)
      stringio
    psych (5.1.2-java)
      jar-dependencies (>= 0.1.7)
    public_suffix (5.0.5)
    puma (6.4.2)
      nio4r (~> 2.0)
    puma (6.4.2-java)
      nio4r (~> 2.0)
    racc (1.7.3)
    racc (1.7.3-java)
    rack (3.0.10)
    rackup (2.1.0)
      rack (>= 3)
      webrick (~> 1.8)
    rainbow (3.1.1)
    rake (13.2.1)
    rdoc (6.6.3.1)
      psych (>= 4.0.0)
    reek (6.4.0)
      dry-schema (~> 1.13.0)
      logger (~> 1.6)
      parser (~> 3.3.0)
      rainbow (>= 2.0, < 4.0)
      rexml (~> 3.1)
    regexp_parser (2.9.0)
    rexml (3.2.6)
    rouge (4.2.1)
    rubocop (1.63.4)
      json (~> 2.3)
      language_server-protocol (>= 3.17.0)
      parallel (~> 1.10)
      parser (>= 3.3.0.2)
      rainbow (>= 2.2.2, < 4.0)
      regexp_parser (>= 1.8, < 3.0)
      rexml (>= 3.2.5, < 4.0)
      rubocop-ast (>= 1.31.1, < 2.0)
      ruby-progressbar (~> 1.7)
      unicode-display_width (>= 2.4.0, < 3.0)
    rubocop-ast (1.31.2)
      parser (>= 3.3.0.4)
    rubocop-md (1.2.2)
      rubocop (>= 1.0)
    rubocop-minitest (0.35.0)
      rubocop (>= 1.61, < 2.0)
      rubocop-ast (>= 1.31.1, < 2.0)
    rubocop-packaging (0.5.2)
      rubocop (>= 1.33, < 2.0)
    rubocop-performance (1.21.0)
      rubocop (>= 1.48.1, < 2.0)
      rubocop-ast (>= 1.31.1, < 2.0)
    rubocop-rake (0.6.0)
      rubocop (~> 1.0)
    rubocop-thread_safety (0.5.1)
      rubocop (>= 0.90.0)
    ruby-progressbar (1.13.0)
    simplecov (0.22.0)
      docile (~> 1.1)
      simplecov-html (~> 0.11)
      simplecov_json_formatter (~> 0.1)
    simplecov-html (0.12.3)
    simplecov_json_formatter (0.1.4)
    stringio (3.1.0)
    unicode-display_width (2.5.0)
    webrick (1.8.1)
    zeitwerk (2.6.18)

PLATFORMS
  arm64-darwin
  java
  ruby
  universal-java

DEPENDENCIES
  fixme!
  heel
  minitest (~> 5.11)
  minitest-focus (~> 1.2)
  minitest-junit (~> 1.0)
  rake
  rdoc (~> 6.3)
  reek
  rubocop (~> 1.63)
  rubocop-md (~> 1.2)
  rubocop-minitest (~> 0.35)
  rubocop-packaging (~> 0.5)
  rubocop-performance (~> 1.21)
  rubocop-rake (~> 0.6)
  rubocop-thread_safety (~> 0.5)
  simplecov (~> 0.22)

CHECKSUMS
  addressable (2.8.6) sha256=798f6af3556641a7619bad1dce04cdb6eb44b0216a991b0396ea7339276f2b47
  ast (2.4.2) sha256=1e280232e6a33754cde542bc5ef85520b74db2aac73ec14acef453784447cc12
  bigdecimal (3.1.9) sha256=2ffc742031521ad69c2dfc815a98e426a230a3d22aeac1995826a75dabfad8cc
  bigdecimal (3.1.9-java) sha256=dd9b8f7c870664cd9538a1325ce385ba57a6627969177258c4f0e661a7be4456
  builder (3.2.4) sha256=99caf08af60c8d7f3a6b004029c4c3c0bdaebced6c949165fe98f1db27fbbc10
  concurrent-ruby (1.3.5) sha256=813b3e37aca6df2a21a3b9f1d497f8cbab24a2b94cab325bffe65ee0f6cbebc6
  docile (1.4.0) sha256=5f1734bde23721245c20c3d723e76c104208e1aa01277a69901ce770f0ebb8d3
  dry-configurable (1.3.0) sha256=882d862858567fc1210d2549d4c090f34370fc1bb7c5c1933de3fe792e18afa8
  dry-core (1.1.0) sha256=0903821a9707649a7da545a2cd88e20f3a663ab1c5288abd7f914fa7751ab195
  dry-inflector (1.2.0) sha256=22f5d0b50fd57074ae57e2ca17e3b300e57564c218269dcf82ff3e42d3f38f2e
  dry-initializer (3.2.0) sha256=37d59798f912dc0a1efe14a4db4a9306989007b302dcd5f25d0a2a20c166c4e3
  dry-logic (1.6.0) sha256=da6fedbc0f90fc41f9b0cc7e6f05f5d529d1efaef6c8dcc8e0733f685745cea2
  dry-schema (1.13.4) sha256=caeb644de0be412d347eb4a6d91c56ceef8ec22cfceb98e80d03d354954b1d2a
  dry-types (1.8.2) sha256=c84e9ada69419c727c3b12e191e0ed7d2c6d58d040d55e79ea16e0ebf8b3ec0f
  fixme (1.0.0)
  heel (4.0.1) sha256=bd0bd0b20efec89a6bf2ab37958525386cfe84d0ba6159f49ac9cf684ec433d9
  jar-dependencies (0.4.1) sha256=b2df2f1ecbff15334ce20ea7fdd5b8d8161faab67761ff72c7647d728e40d387
  json (2.7.2) sha256=1898b5cbc81cd36c0fd4d0b7ad2682c39fb07c5ff682fc6265f678f550d4982c
  json (2.7.2-java) sha256=138e3038b5361b3d06ee2e8aa2be00bed0d0de4ef5f1553fc5935e5b93aca7ee
  language_server-protocol (3.17.0.3) sha256=3d5c58c02f44a20d972957a9febe386d7e7468ab3900ce6bd2b563dd910c6b3f
  launchy (2.5.2) sha256=8aa0441655aec5514008e1d04892c2de3ba57bd337afb984568da091121a241b
  logger (1.6.5) sha256=c3cfe56d01656490ddd103d38b8993d73d86296adebc5f58cefc9ec03741e56b
  mime-types (3.5.2) sha256=c1299f10fa34c75a6f168e99e9dadbd11bc507d9d62dc5cf98c4e65f2af8c4e4
  mime-types-data (3.2024.0305) sha256=a5101ed02bf708fbaf1f65453d9dd27ece1bf910bece3df61835498d7be1a703
  minitest (5.22.3) sha256=ea84676290cb5e2b4f31f25751af6050aa90d3e43e4337141c3e3e839611981e
  minitest-focus (1.4.0) sha256=4cf04bd2b5fe0649922db56f9f2ae30af91475a0f51e02c2baa33f5c5a47ff6c
  minitest-junit (1.1.0) sha256=036c7c29ed8d852424631c7240c5b9eaa76edbadff4a8b321c12cb77869e6032
  nio4r (2.7.1) sha256=559c9bb19b1aee94e7f3da2e0dbcaecd3a681b653303ba1a94a68b22635c3c96
  nio4r (2.7.1-java) sha256=d94c97de63006f072745a8a8a703dfcf8eab35fc17881645503b58269a1fa7ec
  parallel (1.24.0) sha256=5bf38efb9b37865f8e93d7a762727f8c5fc5deb19949f4040c76481d5eee9397
  parser (3.3.1.0) sha256=78f3e62b925500409e8cc2006c638e454c864be728790bd80accf04b68290244
  psych (5.1.2) sha256=337322f58fc2bf24827d2b9bd5ab595f6a72971867d151bb39980060ea40a368
  psych (5.1.2-java) sha256=1dd68dc609eddbc884e6892e11da942e16f7256bd30ebde9d35449d43043a6fe
  public_suffix (5.0.5) sha256=72c340218bb384610536919988705cc29e09749c0021fd7005f715c7e5dfc493
  puma (6.4.2) sha256=3eb41999d00733280be3faeb00d610331b6965a537a8cd3d905f316c38575b44
  puma (6.4.2-java) sha256=65822783e835c48106e464e776a1484f7383ef8a6e34b434f01fda8b034266c3
  racc (1.7.3) sha256=b785ab8a30ec43bce073c51dbbe791fd27000f68d1c996c95da98bf685316905
  racc (1.7.3-java) sha256=b2ad737e788cfa083263ce7c9290644bb0f2c691908249eb4f6eb48ed2815dbf
  rack (3.0.10) sha256=2fb98cf24147ad6a114a13cac8dd45531f451d2afd5cccabfb346b3aa58c7574
  rackup (2.1.0) sha256=6ecb884a581990332e45ee17bdfdc14ccbee46c2f710ae1566019907869a6c4d
  rainbow (3.1.1) sha256=039491aa3a89f42efa1d6dec2fc4e62ede96eb6acd95e52f1ad581182b79bc6a
  rake (13.2.1) sha256=46cb38dae65d7d74b6020a4ac9d48afed8eb8149c040eccf0523bec91907059d
  rdoc (6.6.3.1) sha256=39f7b749229ab5ad9d21c81586151c1dd7a549fa8be4070ee09b524f9c656345
  reek (6.4.0) sha256=80f9a14979aa3ffaecfb2b8b10bdf87fcd8a0fca47c36823e2a4e1e62f1ddd47
  regexp_parser (2.9.0) sha256=81a00ba141cec0d4b4bf58cb80cd9193e5180836d3fa6ef623f7886d3ba8bdd9
  rexml (3.2.6) sha256=e0669a2d4e9f109951cb1fde723d8acd285425d81594a2ea929304af50282816
  rouge (4.2.1) sha256=f371732db127913fe10f13b1c25500b927539167a746dc8ee8089ad868bba1fd
  rubocop (1.63.4) sha256=abae93da9dc08f4fce8eeb50a5c58ad1cf84b8c9ad0ccdeabe1a7ae6ad1bd229
  rubocop-ast (1.31.2) sha256=7c206fb094553779923eca862aceece3913ce384f1bf85730208228e884578ec
  rubocop-md (1.2.2) sha256=80f5947775ebbb5578e3225105e9729212d931adcd7b44550364d276964d6f0a
  rubocop-minitest (0.35.0) sha256=8411f3a858a445f1930f41876eabf4a0511aa258b339ec19010fdca159272e00
  rubocop-packaging (0.5.2) sha256=a36753777573161318ab627a380510c80bfdef2ef2a5b55ad313f923efd20fc7
  rubocop-performance (1.21.0) sha256=ec54fa8991c2d538af7bc958361d63bdb3df2e53032da393e9903ea5e4f74a9a
  rubocop-rake (0.6.0) sha256=56b6f22189af4b33d4f4e490a555c09f1281b02f4d48c3a61f6e8fe5f401d8db
  rubocop-thread_safety (0.5.1) sha256=db7cd50e01c61ccce9022afd93713e3b136c76d266c62c8b0d38424b192e58b8
  ruby-progressbar (1.13.0) sha256=80fc9c47a9b640d6834e0dc7b3c94c9df37f08cb072b7761e4a71e22cff29b33
  simplecov (0.22.0) sha256=fe2622c7834ff23b98066bb0a854284b2729a569ac659f82621fc22ef36213a5
  simplecov-html (0.12.3) sha256=4b1aad33259ffba8b29c6876c12db70e5750cb9df829486e4c6e5da4fa0aa07b
  simplecov_json_formatter (0.1.4) sha256=529418fbe8de1713ac2b2d612aa3daa56d316975d307244399fa4838c601b428
  stringio (3.1.0) sha256=c1f6263ae03a15025e51194ab19b06b15e06adcaaedb7f5f6c06ab60f5d67718
  unicode-display_width (2.5.0) sha256=7e7681dcade1add70cb9fda20dd77f300b8587c81ebbd165d14fd93144ff0ab4
  webrick (1.8.1) sha256=19411ec6912911fd3df13559110127ea2badd0c035f7762873f58afc803e158f
  zeitwerk (2.6.18) sha256=bd2d213996ff7b3b364cd342a585fbee9797dbc1c0c6d868dc4150cc75739781

BUNDLED WITH
   2.6.3
